
Microsoft Visual Studio Solution File, Format Version 12.00
# Visual Studio Version 17
VisualStudioVersion = 17.5.002.0
MinimumVisualStudioVersion = 10.0.40219.1
Project("{9A19103F-16F7-4668-BE54-9A1E7A4F7556}") = "tl2-tp1-2024-tangerinegmv", "tl2-tp1-2024-tangerinegmv.csproj", "{8624243F-6741-45E0-AC44-AE2E8DF2C726}"
EndProject
Global
	GlobalSection(SolutionConfigurationPlatforms) = preSolution
		Debug|Any CPU = Debug|Any CPU
		Release|Any CPU = Release|Any CPU
	EndGlobalSection
	GlobalSection(ProjectConfigurationPlatforms) = postSolution
		{8624243F-6741-45E0-AC44-AE2E8DF2C726}.Debug|Any CPU.ActiveCfg = Debug|Any CPU
		{8624243F-6741-45E0-AC44-AE2E8DF2C726}.Debug|Any CPU.Build.0 = Debug|Any CPU
		{8624243F-6741-45E0-AC44-AE2E8DF2C726}.Release|Any CPU.ActiveCfg = Release|Any CPU
		{8624243F-6741-45E0-AC44-AE2E8DF2C726}.Release|Any CPU.Build.0 = Release|Any CPU
	EndGlobalSection
	GlobalSection(SolutionProperties) = preSolution
		HideSolutionNode = FALSE
	EndGlobalSection
	GlobalSection(ExtensibilityGlobals) = postSolution
		SolutionGuid = {1C839293-48D2-4236-A5BE-4D6A8855229A}
	EndGlobalSection
EndGlobal
